Microsoft Visual Studio Solution File, Format Version 11.00
# Visual Studio 2008

Project("{EBA0906D-2259-A613-E227-7FC2A2C6FC3D}") = "First unity project v2", "Assembly-CSharp-firstpass-vs.csproj", "{04ACCC7A-FB45-08BE-C6D2-1B7792F70CFD}"
EndProject
Project("{EBA0906D-2259-A613-E227-7FC2A2C6FC3D}") = "First unity project v2", "Assembly-CSharp-vs.csproj", "{883305D7-4A0E-E21F-B3B8-CBA368B7747A}"
EndProject
Project("{EBA0906D-2259-A613-E227-7FC2A2C6FC3D}") = "First unity project v2", "Assembly-CSharp-Editor-vs.csproj", "{072FB022-1E50-CF92-EFA4-6A68380DFCF3}"
EndProject
Global
	GlobalSection(SolutionConfigurationPlatforms) = preSolution
		Debug|Any CPU = Debug|Any CPU
		Release|Any CPU = Release|Any CPU
	EndGlobalSection
	GlobalSection(ProjectConfigurationPlatforms) = postSolution
		{04ACCC7A-FB45-08BE-C6D2-1B7792F70CFD}.Debug|Any CPU.ActiveCfg = Debug|Any CPU
		{04ACCC7A-FB45-08BE-C6D2-1B7792F70CFD}.Debug|Any CPU.Build.0 = Debug|Any CPU
		{04ACCC7A-FB45-08BE-C6D2-1B7792F70CFD}.Release|Any CPU.ActiveCfg = Release|Any CPU
		{04ACCC7A-FB45-08BE-C6D2-1B7792F70CFD}.Release|Any CPU.Build.0 = Release|Any CPU
		{883305D7-4A0E-E21F-B3B8-CBA368B7747A}.Debug|Any CPU.ActiveCfg = Debug|Any CPU
		{883305D7-4A0E-E21F-B3B8-CBA368B7747A}.Debug|Any CPU.Build.0 = Debug|Any CPU
		{883305D7-4A0E-E21F-B3B8-CBA368B7747A}.Release|Any CPU.ActiveCfg = Release|Any CPU
		{883305D7-4A0E-E21F-B3B8-CBA368B7747A}.Release|Any CPU.Build.0 = Release|Any CPU
		{072FB022-1E50-CF92-EFA4-6A68380DFCF3}.Debug|Any CPU.ActiveCfg = Debug|Any CPU
		{072FB022-1E50-CF92-EFA4-6A68380DFCF3}.Debug|Any CPU.Build.0 = Debug|Any CPU
		{072FB022-1E50-CF92-EFA4-6A68380DFCF3}.Release|Any CPU.ActiveCfg = Release|Any CPU
		{072FB022-1E50-CF92-EFA4-6A68380DFCF3}.Release|Any CPU.Build.0 = Release|Any CPU
	EndGlobalSection
	GlobalSection(SolutionProperties) = preSolution
		HideSolutionNode = FALSE
	EndGlobalSection
			GlobalSection(MonoDevelopProperties) = preSolution
		StartupItem = Assembly-CSharp.csproj
		Policies = $0
		$0.TextStylePolicy = $1
		$1.inheritsSet = null
		$1.scope = text/x-csharp
		$0.CSharpFormattingPolicy = $2
		$2.inheritsSet = Mono
		$2.inheritsScope = text/x-csharp
		$2.scope = text/x-csharp
		$0.TextStylePolicy = $3
		$3.FileWidth = 120
		$3.TabWidth = 4
		$3.EolMarker = Unix
		$3.inheritsSet = Mono
		$3.inheritsScope = text/plain
		$3.scope = text/plain
	EndGlobalSection

EndGlobal
